
Microsoft Visual Studio Solution File, Format Version 12.00
# Visual Studio 14
VisualStudioVersion = 14.0.25420.1
MinimumVisualStudioVersion = 10.0.40219.1
Project("{F184B08F-C81C-45F6-A57F-5ABD9991F28F}") = "FlashcatUSB", "FlashcatUSB\FlashcatUSB.vbproj", "{FC9D4845-6E22-4C4D-974E-495DF0E09336}"
EndProject
Global
	GlobalSection(SolutionConfigurationPlatforms) = preSolution
		Debug|Any CPU = Debug|Any CPU
		Debug|x64 = Debug|x64
		Debug|x86 = Debug|x86
		Debug-MT|Any CPU = Debug-MT|Any CPU
		Debug-MT|x64 = Debug-MT|x64
		Debug-MT|x86 = Debug-MT|x86
		Release|Any CPU = Release|Any CPU
		Release|x64 = Release|x64
		Release|x86 = Release|x86
		Release-MT|Any CPU = Release-MT|Any CPU
		Release-MT|x64 = Release-MT|x64
		Release-MT|x86 = Release-MT|x86
	EndGlobalSection
	GlobalSection(ProjectConfigurationPlatforms) = postSolution
		{FC9D4845-6E22-4C4D-974E-495DF0E09336}.Debug|Any CPU.ActiveCfg = Debug|Any CPU
		{FC9D4845-6E22-4C4D-974E-495DF0E09336}.Debug|Any CPU.Build.0 = Debug|Any CPU
		{FC9D4845-6E22-4C4D-974E-495DF0E09336}.Debug|x64.ActiveCfg = Debug|Any CPU
		{FC9D4845-6E22-4C4D-974E-495DF0E09336}.Debug|x64.Build.0 = Debug|Any CPU
		{FC9D4845-6E22-4C4D-974E-495DF0E09336}.Debug|x86.ActiveCfg = Debug|Any CPU
		{FC9D4845-6E22-4C4D-974E-495DF0E09336}.Debug|x86.Build.0 = Debug|Any CPU
		{FC9D4845-6E22-4C4D-974E-495DF0E09336}.Debug-MT|Any CPU.ActiveCfg = Debug|Any CPU
		{FC9D4845-6E22-4C4D-974E-495DF0E09336}.Debug-MT|Any CPU.Build.0 = Debug|Any CPU
		{FC9D4845-6E22-4C4D-974E-495DF0E09336}.Debug-MT|x64.ActiveCfg = Debug|Any CPU
		{FC9D4845-6E22-4C4D-974E-495DF0E09336}.Debug-MT|x64.Build.0 = Debug|Any CPU
		{FC9D4845-6E22-4C4D-974E-495DF0E09336}.Debug-MT|x86.ActiveCfg = Debug|Any CPU
		{FC9D4845-6E22-4C4D-974E-495DF0E09336}.Debug-MT|x86.Build.0 = Debug|Any CPU
		{FC9D4845-6E22-4C4D-974E-495DF0E09336}.Release|Any CPU.ActiveCfg = Release|Any CPU
		{FC9D4845-6E22-4C4D-974E-495DF0E09336}.Release|Any CPU.Build.0 = Release|Any CPU
		{FC9D4845-6E22-4C4D-974E-495DF0E09336}.Release|x64.ActiveCfg = Release|Any CPU
		{FC9D4845-6E22-4C4D-974E-495DF0E09336}.Release|x64.Build.0 = Release|Any CPU
		{FC9D4845-6E22-4C4D-974E-495DF0E09336}.Release|x86.ActiveCfg = Release|Any CPU
		{FC9D4845-6E22-4C4D-974E-495DF0E09336}.Release|x86.Build.0 = Release|Any CPU
		{FC9D4845-6E22-4C4D-974E-495DF0E09336}.Release-MT|Any CPU.ActiveCfg = Release|Any CPU
		{FC9D4845-6E22-4C4D-974E-495DF0E09336}.Release-MT|Any CPU.Build.0 = Release|Any CPU
		{FC9D4845-6E22-4C4D-974E-495DF0E09336}.Release-MT|x64.ActiveCfg = Release|Any CPU
		{FC9D4845-6E22-4C4D-974E-495DF0E09336}.Release-MT|x64.Build.0 = Release|Any CPU
		{FC9D4845-6E22-4C4D-974E-495DF0E09336}.Release-MT|x86.ActiveCfg = Release|Any CPU
		{FC9D4845-6E22-4C4D-974E-495DF0E09336}.Release-MT|x86.Build.0 = Release|Any CPU
	EndGlobalSection
	GlobalSection(SolutionProperties) = preSolution
		HideSolutionNode = FALSE
	EndGlobalSection
EndGlobal
